
Microsoft Visual Studio Solution File, Format Version 12.00
# Visual Studio Version 17
VisualStudioVersion = 17.3.32929.385
MinimumVisualStudioVersion = 10.0.40219.1
Project("{2150E333-8FDC-42A3-9474-1A3956D46DE8}") = "Services", "Services", "{2C45558D-7B43-4C98-B6C6-17E3CA376157}"
EndProject
Project("{2150E333-8FDC-42A3-9474-1A3956D46DE8}") = "Catalog", "Catalog", "{76663038-AFF8-463E-AC1F-D070CDD0947E}"
EndProject
Project("{9A19103F-16F7-4668-BE54-9A1E7A4F7556}") = "Catalog Api", "Services\Catalog\Catalog Api\Catalog Api.csproj", "{3F52AFE6-D8FA-4106-A542-1E52ABFBB8C3}"
EndProject
Project("{E53339B2-1760-4266-BCC7-CA923CBCF16C}") = "docker-compose", "docker-compose.dcproj", "{333C30B9-0296-404A-A245-15310B751039}"
EndProject
Project("{2150E333-8FDC-42A3-9474-1A3956D46DE8}") = "Basket", "Basket", "{72EDCB80-D718-4864-AD87-9317FE2CDB0D}"
EndProject
Project("{9A19103F-16F7-4668-BE54-9A1E7A4F7556}") = "Basket.Api", "Services\Basket\Basket.Api\Basket.Api.csproj", "{E8D84ADB-E944-413F-ADA4-956A6E92CBFD}"
EndProject
Project("{2150E333-8FDC-42A3-9474-1A3956D46DE8}") = "Discount", "Discount", "{FCF21EC6-1F00-4DAD-BDCC-AE48D1D6538E}"
EndProject
Project("{9A19103F-16F7-4668-BE54-9A1E7A4F7556}") = "Discount.Api", "Services\Discount\Discount.Api\Discount.Api.csproj", "{2028CAB1-ADBE-471F-B745-451178859D97}"
EndProject
Project("{9A19103F-16F7-4668-BE54-9A1E7A4F7556}") = "Discount.Grpc", "Services\Discount\Discount.Grpc\Discount.Grpc.csproj", "{844ED3B3-FD46-4B4E-8F63-69D7673A0FC7}"
EndProject
Global
	GlobalSection(SolutionConfigurationPlatforms) = preSolution
		Debug|Any CPU = Debug|Any CPU
		Release|Any CPU = Release|Any CPU
	EndGlobalSection
	GlobalSection(ProjectConfigurationPlatforms) = postSolution
		{3F52AFE6-D8FA-4106-A542-1E52ABFBB8C3}.Debug|Any CPU.ActiveCfg = Debug|Any CPU
		{3F52AFE6-D8FA-4106-A542-1E52ABFBB8C3}.Debug|Any CPU.Build.0 = Debug|Any CPU
		{3F52AFE6-D8FA-4106-A542-1E52ABFBB8C3}.Release|Any CPU.ActiveCfg = Release|Any CPU
		{3F52AFE6-D8FA-4106-A542-1E52ABFBB8C3}.Release|Any CPU.Build.0 = Release|Any CPU
		{333C30B9-0296-404A-A245-15310B751039}.Debug|Any CPU.ActiveCfg = Debug|Any CPU
		{333C30B9-0296-404A-A245-15310B751039}.Debug|Any CPU.Build.0 = Debug|Any CPU
		{333C30B9-0296-404A-A245-15310B751039}.Release|Any CPU.ActiveCfg = Release|Any CPU
		{333C30B9-0296-404A-A245-15310B751039}.Release|Any CPU.Build.0 = Release|Any CPU
		{E8D84ADB-E944-413F-ADA4-956A6E92CBFD}.Debug|Any CPU.ActiveCfg = Debug|Any CPU
		{E8D84ADB-E944-413F-ADA4-956A6E92CBFD}.Debug|Any CPU.Build.0 = Debug|Any CPU
		{E8D84ADB-E944-413F-ADA4-956A6E92CBFD}.Release|Any CPU.ActiveCfg = Release|Any CPU
		{E8D84ADB-E944-413F-ADA4-956A6E92CBFD}.Release|Any CPU.Build.0 = Release|Any CPU
		{2028CAB1-ADBE-471F-B745-451178859D97}.Debug|Any CPU.ActiveCfg = Debug|Any CPU
		{2028CAB1-ADBE-471F-B745-451178859D97}.Debug|Any CPU.Build.0 = Debug|Any CPU
		{2028CAB1-ADBE-471F-B745-451178859D97}.Release|Any CPU.ActiveCfg = Release|Any CPU
		{2028CAB1-ADBE-471F-B745-451178859D97}.Release|Any CPU.Build.0 = Release|Any CPU
		{844ED3B3-FD46-4B4E-8F63-69D7673A0FC7}.Debug|Any CPU.ActiveCfg = Debug|Any CPU
		{844ED3B3-FD46-4B4E-8F63-69D7673A0FC7}.Debug|Any CPU.Build.0 = Debug|Any CPU
		{844ED3B3-FD46-4B4E-8F63-69D7673A0FC7}.Release|Any CPU.ActiveCfg = Release|Any CPU
		{844ED3B3-FD46-4B4E-8F63-69D7673A0FC7}.Release|Any CPU.Build.0 = Release|Any CPU
	EndGlobalSection
	GlobalSection(SolutionProperties) = preSolution
		HideSolutionNode = FALSE
	EndGlobalSection
	GlobalSection(NestedProjects) = preSolution
		{76663038-AFF8-463E-AC1F-D070CDD0947E} = {2C45558D-7B43-4C98-B6C6-17E3CA376157}
		{3F52AFE6-D8FA-4106-A542-1E52ABFBB8C3} = {76663038-AFF8-463E-AC1F-D070CDD0947E}
		{72EDCB80-D718-4864-AD87-9317FE2CDB0D} = {2C45558D-7B43-4C98-B6C6-17E3CA376157}
		{E8D84ADB-E944-413F-ADA4-956A6E92CBFD} = {72EDCB80-D718-4864-AD87-9317FE2CDB0D}
		{FCF21EC6-1F00-4DAD-BDCC-AE48D1D6538E} = {2C45558D-7B43-4C98-B6C6-17E3CA376157}
		{2028CAB1-ADBE-471F-B745-451178859D97} = {FCF21EC6-1F00-4DAD-BDCC-AE48D1D6538E}
		{844ED3B3-FD46-4B4E-8F63-69D7673A0FC7} = {FCF21EC6-1F00-4DAD-BDCC-AE48D1D6538E}
	EndGlobalSection
	GlobalSection(ExtensibilityGlobals) = postSolution
		SolutionGuid = {09392BED-4DDF-469E-A16C-8F4D8AA6D2CD}
	EndGlobalSection
EndGlobal
